
Microsoft Visual Studio Solution File, Format Version 12.00
# Visual Studio Version 16
VisualStudioVersion = 16.0.32126.315
MinimumVisualStudioVersion = 10.0.40219.1
Project("{FAE04EC0-301F-11D3-BF4B-00C04F79EFBC}") = "Nexos", "Nexos\Nexos.csproj", "{018D1734-D7B8-47C2-AF06-E0A24C506FA7}"
EndProject
Project("{FAE04EC0-301F-11D3-BF4B-00C04F79EFBC}") = "Nexos.Application", "Nexos.Application\Nexos.Application.csproj", "{C298C5AF-FDC5-4C9A-AAAF-3170CE3C9079}"
EndProject
Project("{FAE04EC0-301F-11D3-BF4B-00C04F79EFBC}") = "Nexos.Core", "Nexos.Core\Nexos.Core.csproj", "{7B79BD78-9ECD-46C3-B9E3-3612E3B6AF10}"
EndProject
Project("{FAE04EC0-301F-11D3-BF4B-00C04F79EFBC}") = "Nexos.Infrastructure", "Nexos.Infrastructure\Nexos.Infrastructure.csproj", "{479E6C6E-2EF8-4B1B-B737-663E2C44FA9C}"
EndProject
Global
	GlobalSection(SolutionConfigurationPlatforms) = preSolution
		Debug|Any CPU = Debug|Any CPU
		Release|Any CPU = Release|Any CPU
	EndGlobalSection
	GlobalSection(ProjectConfigurationPlatforms) = postSolution
		{018D1734-D7B8-47C2-AF06-E0A24C506FA7}.Debug|Any CPU.ActiveCfg = Debug|Any CPU
		{018D1734-D7B8-47C2-AF06-E0A24C506FA7}.Debug|Any CPU.Build.0 = Debug|Any CPU
		{018D1734-D7B8-47C2-AF06-E0A24C506FA7}.Release|Any CPU.ActiveCfg = Release|Any CPU
		{018D1734-D7B8-47C2-AF06-E0A24C506FA7}.Release|Any CPU.Build.0 = Release|Any CPU
		{C298C5AF-FDC5-4C9A-AAAF-3170CE3C9079}.Debug|Any CPU.ActiveCfg = Debug|Any CPU
		{C298C5AF-FDC5-4C9A-AAAF-3170CE3C9079}.Debug|Any CPU.Build.0 = Debug|Any CPU
		{C298C5AF-FDC5-4C9A-AAAF-3170CE3C9079}.Release|Any CPU.ActiveCfg = Release|Any CPU
		{C298C5AF-FDC5-4C9A-AAAF-3170CE3C9079}.Release|Any CPU.Build.0 = Release|Any CPU
		{7B79BD78-9ECD-46C3-B9E3-3612E3B6AF10}.Debug|Any CPU.ActiveCfg = Debug|Any CPU
		{7B79BD78-9ECD-46C3-B9E3-3612E3B6AF10}.Debug|Any CPU.Build.0 = Debug|Any CPU
		{7B79BD78-9ECD-46C3-B9E3-3612E3B6AF10}.Release|Any CPU.ActiveCfg = Release|Any CPU
		{7B79BD78-9ECD-46C3-B9E3-3612E3B6AF10}.Release|Any CPU.Build.0 = Release|Any CPU
		{479E6C6E-2EF8-4B1B-B737-663E2C44FA9C}.Debug|Any CPU.ActiveCfg = Debug|Any CPU
		{479E6C6E-2EF8-4B1B-B737-663E2C44FA9C}.Debug|Any CPU.Build.0 = Debug|Any CPU
		{479E6C6E-2EF8-4B1B-B737-663E2C44FA9C}.Release|Any CPU.ActiveCfg = Release|Any CPU
		{479E6C6E-2EF8-4B1B-B737-663E2C44FA9C}.Release|Any CPU.Build.0 = Release|Any CPU
	EndGlobalSection
	GlobalSection(SolutionProperties) = preSolution
		HideSolutionNode = FALSE
	EndGlobalSection
	GlobalSection(ExtensibilityGlobals) = postSolution
		SolutionGuid = {342EF699-4046-4957-B3F7-637F32FACC10}
	EndGlobalSection
EndGlobal
